version = 2
manifest_sha256 = "daccbdb4ae5138e65fd4660dd2d7f3a6f0bb72c2ddc33b93ac3253e11f074974"

# Audited Seen release toolchain identity (paths are intentionally excluded).
# release_tag = "v0.20.1"
# certified_commit = "c1c120363fd826244a7ceae4fe2a52cbfb6cf647"
# source_tree = "4553fd981957db898b377492acfa297e93c2d846"
# tag_object = "09b66d2ee83a45c0b917fc8b598e47a298f805a8"
# linux_x64_archive_sha256 = "c81bfa9e75a11524318f7e568e961a4e59c05d18146c8da08af42ab9212951e9"
# packaged_compiler_sha256 = "7f823add11df162a9597d3ae225b6d3a6f48dfacd878f4ea0392b4f1435eb3fc"
# compiler_build_id = "3055cf2b7788352a6a15d960536301fd7690e063"
# packaged_package_client_sha256 = "7cc8f5c265280e04fb5e5bc182e24dbe069a58e6373d5603d47f72d69bbb4224"
# compatibility_manifest_sha256 = "55c3aff948ea8a587dd5dad3bc511cc6d7fd3028b7a458240ba07542680f4603"
# ci_llvm_image = "docker.io/silkeh/clang@sha256:a370fe4e8ecd284143bbfde1185bef4c1b6b72f45af4823812b9afe84cd1a14d"
# ci_llvm_version = "21.1.8"
# compatibility = "seen-compatibility-manifest-v1; compiler=0.20.1; layout=seen-layout-abi-v2; object-cache=seen-object-cache-abi-v3; package-interface=seen-package-interface-v2; package-object-manifest=seen-package-object-manifest-v2; prebuilt-package=seen-prebuilt-package-v2; package-client=0.20.1/SEENPKG1; runtime=runtime-v4; stdlib=0.5.0/manifest-v1; llvm-min=19; target=linux-x86_64; cpu=x86-64; determinism=installed-archive+signed-evidence"

[root]
name = "seen_qwen"
version = "0.15.0-dev"
dependencies = []
